Microsoft Visual Studio Solution File, Format Version 12.00
# Visual Studio Version 17
VisualStudioVersion = 17.5.2.0
MinimumVisualStudioVersion = 10.0.40219.1
Project("{FAE04EC0-301F-11D3-BF4B-00C04F79EFBC}") = "GameVaultWeb", "GameVaultWeb\GameVaultWeb.csproj", "{943A2C4F-66F6-B768-8121-DEE86F1610BD}"
EndProject
Global
	GlobalSection(SolutionConfigurationPlatforms) = preSolution
		Debug|Any CPU = Debug|Any CPU
		Release|Any CPU = Release|Any CPU
	EndGlobalSection
	GlobalSection(ProjectConfigurationPlatforms) = postSolution
		{943A2C4F-66F6-B768-8121-DEE86F1610BD}.Debug|Any CPU.ActiveCfg = Debug|Any CPU
		{943A2C4F-66F6-B768-8121-DEE86F1610BD}.Debug|Any CPU.Build.0 = Debug|Any CPU
		{943A2C4F-66F6-B768-8121-DEE86F1610BD}.Release|Any CPU.ActiveCfg = Release|Any CPU
		{943A2C4F-66F6-B768-8121-DEE86F1610BD}.Release|Any CPU.Build.0 = Release|Any CPU
	EndGlobalSection
	GlobalSection(SolutionProperties) = preSolution
		HideSolutionNode = FALSE
	EndGlobalSection
	GlobalSection(ExtensibilityGlobals) = postSolution
		SolutionGuid = {99DB7506-5C52-404A-A250-A8E6C173826A}
	EndGlobalSection
EndGlobal
