
Microsoft Visual Studio Solution File, Format Version 12.00
# Visual Studio Version 17
VisualStudioVersion = 17.0.31903.59
MinimumVisualStudioVersion = 10.0.40219.1
Project("{FAE04EC0-301F-11D3-BF4B-00C04F79EFBC}") = "GameVault.Server", "GameVault.Server\GameVault.Server.csproj", "{C0012C04-8016-40CD-8C1F-E18ADF79C7EB}"
EndProject
Project("{FAE04EC0-301F-11D3-BF4B-00C04F79EFBC}") = "GameVault.Client", "GameVault.Client\GameVault.Client.csproj", "{CA8EE39A-4CA6-479A-832C-288634868D24}"
EndProject
Project("{FAE04EC0-301F-11D3-BF4B-00C04F79EFBC}") = "GameVault.Shared", "GameVault.Shared\GameVault.Shared.csproj", "{186E9DA9-EB65-412F-AF99-F63CAE081FF9}"
EndProject
Project("{FAE04EC0-301F-11D3-BF4B-00C04F79EFBC}") = "GameVault.Tests", "GameVault.Tests\GameVault.Tests.csproj", "{EEE6B817-C44B-403E-BBA5-B0C366752F41}"
Project("{FAE04EC0-301F-11D3-BF4B-00C04F79EFBC}") = "GameVault.Server.Tests", "GameVault.Server.Tests\GameVault.Server.Tests.csproj", "{6948ED85-9E0D-4D8B-B11C-1FE80A1DD58C}"
EndProject
Global
	GlobalSection(SolutionConfigurationPlatforms) = preSolution
		Debug|Any CPU = Debug|Any CPU
		Debug|x64 = Debug|x64
		Debug|x86 = Debug|x86
		Release|Any CPU = Release|Any CPU
		Release|x64 = Release|x64
		Release|x86 = Release|x86
	EndGlobalSection
	GlobalSection(ProjectConfigurationPlatforms) = postSolution
		{C0012C04-8016-40CD-8C1F-E18ADF79C7EB}.Debug|Any CPU.ActiveCfg = Debug|Any CPU
		{C0012C04-8016-40CD-8C1F-E18ADF79C7EB}.Debug|Any CPU.Build.0 = Debug|Any CPU
		{C0012C04-8016-40CD-8C1F-E18ADF79C7EB}.Debug|x64.ActiveCfg = Debug|Any CPU
		{C0012C04-8016-40CD-8C1F-E18ADF79C7EB}.Debug|x64.Build.0 = Debug|Any CPU
		{C0012C04-8016-40CD-8C1F-E18ADF79C7EB}.Debug|x86.ActiveCfg = Debug|Any CPU
		{C0012C04-8016-40CD-8C1F-E18ADF79C7EB}.Debug|x86.Build.0 = Debug|Any CPU
		{C0012C04-8016-40CD-8C1F-E18ADF79C7EB}.Release|Any CPU.ActiveCfg = Release|Any CPU
		{C0012C04-8016-40CD-8C1F-E18ADF79C7EB}.Release|Any CPU.Build.0 = Release|Any CPU
		{C0012C04-8016-40CD-8C1F-E18ADF79C7EB}.Release|x64.ActiveCfg = Release|Any CPU
		{C0012C04-8016-40CD-8C1F-E18ADF79C7EB}.Release|x64.Build.0 = Release|Any CPU
		{C0012C04-8016-40CD-8C1F-E18ADF79C7EB}.Release|x86.ActiveCfg = Release|Any CPU
		{C0012C04-8016-40CD-8C1F-E18ADF79C7EB}.Release|x86.Build.0 = Release|Any CPU
		{CA8EE39A-4CA6-479A-832C-288634868D24}.Debug|Any CPU.ActiveCfg = Debug|Any CPU
		{CA8EE39A-4CA6-479A-832C-288634868D24}.Debug|Any CPU.Build.0 = Debug|Any CPU
		{CA8EE39A-4CA6-479A-832C-288634868D24}.Debug|x64.ActiveCfg = Debug|Any CPU
		{CA8EE39A-4CA6-479A-832C-288634868D24}.Debug|x64.Build.0 = Debug|Any CPU
		{CA8EE39A-4CA6-479A-832C-288634868D24}.Debug|x86.ActiveCfg = Debug|Any CPU
		{CA8EE39A-4CA6-479A-832C-288634868D24}.Debug|x86.Build.0 = Debug|Any CPU
		{CA8EE39A-4CA6-479A-832C-288634868D24}.Release|Any CPU.ActiveCfg = Release|Any CPU
		{CA8EE39A-4CA6-479A-832C-288634868D24}.Release|Any CPU.Build.0 = Release|Any CPU
		{CA8EE39A-4CA6-479A-832C-288634868D24}.Release|x64.ActiveCfg = Release|Any CPU
		{CA8EE39A-4CA6-479A-832C-288634868D24}.Release|x64.Build.0 = Release|Any CPU
		{CA8EE39A-4CA6-479A-832C-288634868D24}.Release|x86.ActiveCfg = Release|Any CPU
		{CA8EE39A-4CA6-479A-832C-288634868D24}.Release|x86.Build.0 = Release|Any CPU
		{186E9DA9-EB65-412F-AF99-F63CAE081FF9}.Debug|Any CPU.ActiveCfg = Debug|Any CPU
		{186E9DA9-EB65-412F-AF99-F63CAE081FF9}.Debug|Any CPU.Build.0 = Debug|Any CPU
		{186E9DA9-EB65-412F-AF99-F63CAE081FF9}.Debug|x64.ActiveCfg = Debug|Any CPU
		{186E9DA9-EB65-412F-AF99-F63CAE081FF9}.Debug|x64.Build.0 = Debug|Any CPU
		{186E9DA9-EB65-412F-AF99-F63CAE081FF9}.Debug|x86.ActiveCfg = Debug|Any CPU
		{186E9DA9-EB65-412F-AF99-F63CAE081FF9}.Debug|x86.Build.0 = Debug|Any CPU
		{186E9DA9-EB65-412F-AF99-F63CAE081FF9}.Release|Any CPU.ActiveCfg = Release|Any CPU
		{186E9DA9-EB65-412F-AF99-F63CAE081FF9}.Release|Any CPU.Build.0 = Release|Any CPU
		{186E9DA9-EB65-412F-AF99-F63CAE081FF9}.Release|x64.ActiveCfg = Release|Any CPU
		{186E9DA9-EB65-412F-AF99-F63CAE081FF9}.Release|x64.Build.0 = Release|Any CPU
		{186E9DA9-EB65-412F-AF99-F63CAE081FF9}.Release|x86.ActiveCfg = Release|Any CPU
		{186E9DA9-EB65-412F-AF99-F63CAE081FF9}.Release|x86.Build.0 = Release|Any CPU
		{EEE6B817-C44B-403E-BBA5-B0C366752F41}.Debug|Any CPU.ActiveCfg = Debug|Any CPU
		{EEE6B817-C44B-403E-BBA5-B0C366752F41}.Debug|Any CPU.Build.0 = Debug|Any CPU
		{EEE6B817-C44B-403E-BBA5-B0C366752F41}.Debug|x64.ActiveCfg = Debug|Any CPU
		{EEE6B817-C44B-403E-BBA5-B0C366752F41}.Debug|x64.Build.0 = Debug|Any CPU
		{EEE6B817-C44B-403E-BBA5-B0C366752F41}.Debug|x86.ActiveCfg = Debug|Any CPU
		{EEE6B817-C44B-403E-BBA5-B0C366752F41}.Debug|x86.Build.0 = Debug|Any CPU
		{EEE6B817-C44B-403E-BBA5-B0C366752F41}.Release|Any CPU.ActiveCfg = Release|Any CPU
		{EEE6B817-C44B-403E-BBA5-B0C366752F41}.Release|Any CPU.Build.0 = Release|Any CPU
		{EEE6B817-C44B-403E-BBA5-B0C366752F41}.Release|x64.ActiveCfg = Release|Any CPU
		{EEE6B817-C44B-403E-BBA5-B0C366752F41}.Release|x64.Build.0 = Release|Any CPU
		{EEE6B817-C44B-403E-BBA5-B0C366752F41}.Release|x86.ActiveCfg = Release|Any CPU
		{EEE6B817-C44B-403E-BBA5-B0C366752F41}.Release|x86.Build.0 = Release|Any CPU
		{6948ED85-9E0D-4D8B-B11C-1FE80A1DD58C}.Debug|Any CPU.ActiveCfg = Debug|Any CPU
		{6948ED85-9E0D-4D8B-B11C-1FE80A1DD58C}.Debug|Any CPU.Build.0 = Debug|Any CPU
		{6948ED85-9E0D-4D8B-B11C-1FE80A1DD58C}.Debug|x64.ActiveCfg = Debug|Any CPU
		{6948ED85-9E0D-4D8B-B11C-1FE80A1DD58C}.Debug|x64.Build.0 = Debug|Any CPU
		{6948ED85-9E0D-4D8B-B11C-1FE80A1DD58C}.Debug|x86.ActiveCfg = Debug|Any CPU
		{6948ED85-9E0D-4D8B-B11C-1FE80A1DD58C}.Debug|x86.Build.0 = Debug|Any CPU
		{6948ED85-9E0D-4D8B-B11C-1FE80A1DD58C}.Release|Any CPU.ActiveCfg = Release|Any CPU
		{6948ED85-9E0D-4D8B-B11C-1FE80A1DD58C}.Release|Any CPU.Build.0 = Release|Any CPU
		{6948ED85-9E0D-4D8B-B11C-1FE80A1DD58C}.Release|x64.ActiveCfg = Release|Any CPU
		{6948ED85-9E0D-4D8B-B11C-1FE80A1DD58C}.Release|x64.Build.0 = Release|Any CPU
		{6948ED85-9E0D-4D8B-B11C-1FE80A1DD58C}.Release|x86.ActiveCfg = Release|Any CPU
		{6948ED85-9E0D-4D8B-B11C-1FE80A1DD58C}.Release|x86.Build.0 = Release|Any CPU
		{EE75AA72-1028-4BF8-82D6-E7871D272E88}.Debug|Any CPU.ActiveCfg = Debug|Any CPU
		{EE75AA72-1028-4BF8-82D6-E7871D272E88}.Debug|Any CPU.Build.0 = Debug|Any CPU
		{EE75AA72-1028-4BF8-82D6-E7871D272E88}.Debug|x64.ActiveCfg = Debug|Any CPU
		{EE75AA72-1028-4BF8-82D6-E7871D272E88}.Debug|x64.Build.0 = Debug|Any CPU
		{EE75AA72-1028-4BF8-82D6-E7871D272E88}.Debug|x86.ActiveCfg = Debug|Any CPU
		{EE75AA72-1028-4BF8-82D6-E7871D272E88}.Debug|x86.Build.0 = Debug|Any CPU
		{EE75AA72-1028-4BF8-82D6-E7871D272E88}.Release|Any CPU.ActiveCfg = Release|Any CPU
		{EE75AA72-1028-4BF8-82D6-E7871D272E88}.Release|Any CPU.Build.0 = Release|Any CPU
		{EE75AA72-1028-4BF8-82D6-E7871D272E88}.Release|x64.ActiveCfg = Release|Any CPU
		{EE75AA72-1028-4BF8-82D6-E7871D272E88}.Release|x64.Build.0 = Release|Any CPU
		{EE75AA72-1028-4BF8-82D6-E7871D272E88}.Release|x86.ActiveCfg = Release|Any CPU
		{EE75AA72-1028-4BF8-82D6-E7871D272E88}.Release|x86.Build.0 = Release|Any CPU
	EndGlobalSection
	GlobalSection(SolutionProperties) = preSolution
		HideSolutionNode = FALSE
	EndGlobalSection
EndGlobal
